// !$*UTF8*$!
{
	archiveVersion = 1;
	classes = {
	};
	objectVersion = 50;
	objects = {

/* Begin PBXBuildFile section */
		791C980D2328D44D00FB09E0 /* AppDelegate.m in Sources */ = {isa = PBXBuildFile; fileRef = 791C980C2328D44D00FB09E0 /* AppDelegate.m */; };
		791C98132328D44D00FB09E0 /* Main.storyboard in Resources */ = {isa = PBXBuildFile; fileRef = 791C98112328D44D00FB09E0 /* Main.storyboard */; };
		791C98152328D44F00FB09E0 /* Assets.xcassets in Resources */ = {isa = PBXBuildFile; fileRef = 791C98142328D44F00FB09E0 /* Assets.xcassets */; };
		791C98182328D44F00FB09E0 /* LaunchScreen.storyboard in Resources */ = {isa = PBXBuildFile; fileRef = 791C98162328D44F00FB09E0 /* LaunchScreen.storyboard */; };
		791C981B2328D44F00FB09E0 /* main.m in Sources */ = {isa = PBXBuildFile; fileRef = 791C981A2328D44F00FB09E0 /* main.m */; };
		791C982223291A0600FB09E0 /* StreamingSingleton.m in Sources */ = {isa = PBXBuildFile; fileRef = 791C982123291A0600FB09E0 /* StreamingSingleton.m */; };
		791C982623291D8200FB09E0 /* StreamingController.m in Sources */ = {isa = PBXBuildFile; fileRef = 791C982523291D8200FB09E0 /* StreamingController.m */; };
/* End PBXBuildFile section */

/* Begin PBXFileReference section */
		791C98082328D44D00FB09E0 /* test.app */ = {isa = PBXFileReference; explicitFileType = wrapper.application; includeInIndex = 0; path = test.app; sourceTree = BUILT_PRODUCTS_DIR; };
		791C980B2328D44D00FB09E0 /* AppDelegate.h */ = {isa = PBXFileReference; lastKnownFileType = sourcecode.c.h; path = AppDelegate.h; sourceTree = "<group>"; };
		791C980C2328D44D00FB09E0 /* AppDelegate.m */ = {isa = PBXFileReference; lastKnownFileType = sourcecode.c.objc; path = AppDelegate.m; sourceTree = "<group>"; };
		791C98122328D44D00FB09E0 /* Base */ = {isa = PBXFileReference; lastKnownFileType = file.storyboard; name = Base; path = Base.lproj/Main.storyboard; sourceTree = "<group>"; };
		791C98142328D44F00FB09E0 /* Assets.xcassets */ = {isa = PBXFileReference; lastKnownFileType = folder.assetcatalog; path = Assets.xcassets; sourceTree = "<group>"; };
		791C98172328D44F00FB09E0 /* Base */ = {isa = PBXFileReference; lastKnownFileType = file.storyboard; name = Base; path = Base.lproj/LaunchScreen.storyboard; sourceTree = "<group>"; };
		791C98192328D44F00FB09E0 /* Info.plist */ = {isa = PBXFileReference; lastKnownFileType = text.plist.xml; path = Info.plist; sourceTree = "<group>"; };
		791C981A2328D44F00FB09E0 /* main.m */ = {isa = PBXFileReference; lastKnownFileType = sourcecode.c.objc; path = main.m; sourceTree = "<group>"; };
		791C982123291A0600FB09E0 /* StreamingSingleton.m */ = {isa = PBXFileReference; lastKnownFileType = sourcecode.c.objc; path = StreamingSingleton.m; sourceTree = "<group>"; };
		791C982323291A1700FB09E0 /* StreamingSingleton.h */ = {isa = PBXFileReference; lastKnownFileType = sourcecode.c.h; path = StreamingSingleton.h; sourceTree = "<group>"; };
		791C982423291D8200FB09E0 /* StreamingController.h */ = {isa = PBXFileReference; lastKnownFileType = sourcecode.c.h; path = StreamingController.h; sourceTree = "<group>"; };
		791C982523291D8200FB09E0 /* StreamingController.m */ = {isa = PBXFileReference; lastKnownFileType = sourcecode.c.objc; path = StreamingController.m; sourceTree = "<group>"; };
/* End PBXFileReference section */

/* Begin PBXFrameworksBuildPhase section */
		791C98052328D44D00FB09E0 /* Frameworks */ = {
			isa = PBXFrameworksBuildPhase;
			buildActionMask = 2147483647;
			files = (
			);
			runOnlyForDeploymentPostprocessing = 0;
		};
/* End PBXFrameworksBuildPhase section */

/* Begin PBXGroup section */
		791C97FF2328D44D00FB09E0 = {
			isa = PBXGroup;
			children = (
				791C980A2328D44D00FB09E0 /* test */,
				791C98092328D44D00FB09E0 /* Products */,
			);
			sourceTree = "<group>";
		};
		791C98092328D44D00FB09E0 /* Products */ = {
			isa = PBXGroup;
			children = (
				791C98082328D44D00FB09E0 /* test.app */,
			);
			name = Products;
			sourceTree = "<group>";
		};
		791C980A2328D44D00FB09E0 /* test */ = {
			isa = PBXGroup;
			children = (
				791C980B2328D44D00FB09E0 /* AppDelegate.h */,
				791C980C2328D44D00FB09E0 /* AppDelegate.m */,
				791C982423291D8200FB09E0 /* StreamingController.h */,
				791C982523291D8200FB09E0 /* StreamingController.m */,
				791C982123291A0600FB09E0 /* StreamingSingleton.m */,
				791C982323291A1700FB09E0 /* StreamingSingleton.h */,
				791C98112328D44D00FB09E0 /* Main.storyboard */,
				791C98142328D44F00FB09E0 /* Assets.xcassets */,
				791C98162328D44F00FB09E0 /* LaunchScreen.storyboard */,
				791C98192328D44F00FB09E0 /* Info.plist */,
				791C981A2328D44F00FB09E0 /* main.m */,
			);
			path = test;
			sourceTree = "<group>";
		};
/* End PBXGroup section */

/* Begin PBXNativeTarget section */
		791C98072328D44D00FB09E0 /* test */ = {
			isa = PBXNativeTarget;
			buildConfigurationList = 791C981E2328D44F00FB09E0 /* Build configuration list for PBXNativeTarget "test" */;
			buildPhases = (
				791C98042328D44D00FB09E0 /* Sources */,
				791C98052328D44D00FB09E0 /* Frameworks */,
				791C98062328D44D00FB09E0 /* Resources */,
			);
			buildRules = (
			);
			dependencies = (
			);
			name = test;
			productName = test;
			productReference = 791C98082328D44D00FB09E0 /* test.app */;
			productType = "com.apple.product-type.application";
		};
/* End PBXNativeTarget section */

/* Begin PBXProject section */
		791C98002328D44D00FB09E0 /* Project object */ = {
			isa = PBXProject;
			attributes = {
				LastUpgradeCheck = 1020;
				ORGANIZATIONNAME = AlexSytnik;
				TargetAttributes = {
					791C98072328D44D00FB09E0 = {
						CreatedOnToolsVersion = 10.2.1;
						SystemCapabilities = {
							com.apple.BackgroundModes = {
								enabled = 1;
							};
						};
					};
				};
			};
			buildConfigurationList = 791C98032328D44D00FB09E0 /* Build configuration list for PBXProject "test" */;
			compatibilityVersion = "Xcode 9.3";
			developmentRegion = en;
			hasScannedForEncodings = 0;
			knownRegions = (
				en,
				Base,
			);
			mainGroup = 791C97FF2328D44D00FB09E0;
			productRefGroup = 791C98092328D44D00FB09E0 /* Products */;
			projectDirPath = "";
			projectRoot = "";
			targets = (
				791C98072328D44D00FB09E0 /* test */,
			);
		};
/* End PBXProject section */

/* Begin PBXResourcesBuildPhase section */
		791C98062328D44D00FB09E0 /* Resources */ = {
			isa = PBXResourcesBuildPhase;
			buildActionMask = 2147483647;
			files = (
				791C98182328D44F00FB09E0 /* LaunchScreen.storyboard in Resources */,
				791C98152328D44F00FB09E0 /* Assets.xcassets in Resources */,
				791C98132328D44D00FB09E0 /* Main.storyboard in Resources */,
			);
			runOnlyForDeploymentPostprocessing = 0;
		};
/* End PBXResourcesBuildPhase section */

/* Begin PBXSourcesBuildPhase section */
		791C98042328D44D00FB09E0 /* Sources */ = {
			isa = PBXSourcesBuildPhase;
			buildActionMask = 2147483647;
			files = (
				791C982623291D8200FB09E0 /* StreamingController.m in Sources */,
				791C981B2328D44F00FB09E0 /* main.m in Sources */,
				791C982223291A0600FB09E0 /* StreamingSingleton.m in Sources */,
				791C980D2328D44D00FB09E0 /* AppDelegate.m in Sources */,
			);
			runOnlyForDeploymentPostprocessing = 0;
		};
/* End PBXSourcesBuildPhase section */

/* Begin PBXVariantGroup section */
		791C98112328D44D00FB09E0 /* Main.storyboard */ = {
			isa = PBXVariantGroup;
			children = (
				791C98122328D44D00FB09E0 /* Base */,
			);
			name = Main.storyboard;
			sourceTree = "<group>";
		};
		791C98162328D44F00FB09E0 /* LaunchScreen.storyboard */ = {
			isa = PBXVariantGroup;
			children = (
				791C98172328D44F00FB09E0 /* Base */,
			);
			name = LaunchScreen.storyboard;
			sourceTree = "<group>";
		};
/* End PBXVariantGroup section */

/* Begin XCBuildConfiguration section */
		791C981C2328D44F00FB09E0 /* Debug */ = {
			isa = XCBuildConfiguration;
			buildSettings = {
				ALWAYS_SEARCH_USER_PATHS = NO;
				CLANG_ANALYZER_NONNULL = YES;
				CLANG_ANALYZER_NUMBER_OBJECT_CONVERSION = YES_AGGRESSIVE;
				CLANG_CXX_LANGUAGE_STANDARD = "gnu++14";
				CLANG_CXX_LIBRARY = "libc++";
				CLANG_ENABLE_MODULES = YES;
				CLANG_ENABLE_OBJC_ARC = YES;
				CLANG_ENABLE_OBJC_WEAK = YES;
				CLANG_WARN_BLOCK_CAPTURE_AUTORELEASING = YES;
				CLANG_WARN_BOOL_CONVERSION = YES;
				CLANG_WARN_COMMA = YES;
				CLANG_WARN_CONSTANT_CONVERSION = YES;
				CLANG_WARN_DEPRECATED_OBJC_IMPLEMENTATIONS = YES;
				CLANG_WARN_DIRECT_OBJC_ISA_USAGE = YES_ERROR;
				CLANG_WARN_DOCUMENTATION_COMMENTS = YES;
				CLANG_WARN_EMPTY_BODY = YES;
				CLANG_WARN_ENUM_CONVERSION = YES;
				CLANG_WARN_INFINITE_RECURSION = YES;
				CLANG_WARN_INT_CONVERSION = YES;
				CLANG_WARN_NON_LITERAL_NULL_CONVERSION = YES;
				CLANG_WARN_OBJC_IMPLICIT_RETAIN_SELF = YES;
				CLANG_WARN_OBJC_LITERAL_CONVERSION = YES;
				CLANG_WARN_OBJC_ROOT_CLASS = YES_ERROR;
				CLANG_WARN_RANGE_LOOP_ANALYSIS = YES;
				CLANG_WARN_STRICT_PROTOTYPES = YES;
				CLANG_WARN_SUSPICIOUS_MOVE = YES;
				CLANG_WARN_UNGUARDED_AVAILABILITY = YES_AGGRESSIVE;
				CLANG_WARN_UNREACHABLE_CODE = YES;
				CLANG_WARN__DUPLICATE_METHOD_MATCH = YES;
				CODE_SIGN_IDENTITY = "iPhone Developer";
				COPY_PHASE_STRIP = NO;
				DEBUG_INFORMATION_FORMAT = dwarf;
				ENABLE_STRICT_OBJC_MSGSEND = YES;
				ENABLE_TESTABILITY = YES;
				GCC_C_LANGUAGE_STANDARD = gnu11;
				GCC_DYNAMIC_NO_PIC = NO;
				GCC_NO_COMMON_BLOCKS = YES;
				GCC_OPTIMIZATION_LEVEL = 0;
				GCC_PREPROCESSOR_DEFINITIONS = (
					"DEBUG=1",
					"$(inherited)",
				);
				GCC_WARN_64_TO_32_BIT_CONVERSION = YES;
				GCC_WARN_ABOUT_RETURN_TYPE = YES_ERROR;
				GCC_WARN_UNDECLARED_SELECTOR = YES;
				GCC_WARN_UNINITIALIZED_AUTOS = YES_AGGRESSIVE;
				GCC_WARN_UNUSED_FUNCTION = YES;
				GCC_WARN_UNUSED_VARIABLE = YES;
				IPHONEOS_DEPLOYMENT_TARGET = 12.2;
				MTL_ENABLE_DEBUG_INFO = INCLUDE_SOURCE;
				MTL_FAST_MATH = YES;
				ONLY_ACTIVE_ARCH = YES;
				SDKROOT = iphoneos;
			};
			name = Debug;
		};
		791C981D2328D44F00FB09E0 /* Release */ = {
			isa = XCBuildConfiguration;
			buildSettings = {
				ALWAYS_SEARCH_USER_PATHS = NO;
				CLANG_ANALYZER_NONNULL = YES;
				CLANG_ANALYZER_NUMBER_OBJECT_CONVERSION = YES_AGGRESSIVE;
				CLANG_CXX_LANGUAGE_STANDARD = "gnu++14";
				CLANG_CXX_LIBRARY = "libc++";
				CLANG_ENABLE_MODULES = YES;
				CLANG_ENABLE_OBJC_ARC = YES;
				CLANG_ENABLE_OBJC_WEAK = YES;
				CLANG_WARN_BLOCK_CAPTURE_AUTORELEASING = YES;
				CLANG_WARN_BOOL_CONVERSION = YES;
				CLANG_WARN_COMMA = YES;
				CLANG_WARN_CONSTANT_CONVERSION = YES;
				CLANG_WARN_DEPRECATED_OBJC_IMPLEMENTATIONS = YES;
				CLANG_WARN_DIRECT_OBJC_ISA_USAGE = YES_ERROR;
				CLANG_WARN_DOCUMENTATION_COMMENTS = YES;
				CLANG_WARN_EMPTY_BODY = YES;
				CLANG_WARN_ENUM_CONVERSION = YES;
				CLANG_WARN_INFINITE_RECURSION = YES;
				CLANG_WARN_INT_CONVERSION = YES;
				CLANG_WARN_NON_LITERAL_NULL_CONVERSION = YES;
				CLANG_WARN_OBJC_IMPLICIT_RETAIN_SELF = YES;
				CLANG_WARN_OBJC_LITERAL_CONVERSION = YES;
				CLANG_WARN_OBJC_ROOT_CLASS = YES_ERROR;
				CLANG_WARN_RANGE_LOOP_ANALYSIS = YES;
				CLANG_WARN_STRICT_PROTOTYPES = YES;
				CLANG_WARN_SUSPICIOUS_MOVE = YES;
				CLANG_WARN_UNGUARDED_AVAILABILITY = YES_AGGRESSIVE;
				CLANG_WARN_UNREACHABLE_CODE = YES;
				CLANG_WARN__DUPLICATE_METHOD_MATCH = YES;
				CODE_SIGN_IDENTITY = "iPhone Developer";
				COPY_PHASE_STRIP = NO;
				DEBUG_INFORMATION_FORMAT = "dwarf-with-dsym";
				ENABLE_NS_ASSERTIONS = NO;
				ENABLE_STRICT_OBJC_MSGSEND = YES;
				GCC_C_LANGUAGE_STANDARD = gnu11;
				GCC_NO_COMMON_BLOCKS = YES;
				GCC_WARN_64_TO_32_BIT_CONVERSION = YES;
				GCC_WARN_ABOUT_RETURN_TYPE = YES_ERROR;
				GCC_WARN_UNDECLARED_SELECTOR = YES;
				GCC_WARN_UNINITIALIZED_AUTOS = YES_AGGRESSIVE;
				GCC_WARN_UNUSED_FUNCTION = YES;
				GCC_WARN_UNUSED_VARIABLE = YES;
				IPHONEOS_DEPLOYMENT_TARGET = 12.2;
				MTL_ENABLE_DEBUG_INFO = NO;
				MTL_FAST_MATH = YES;
				SDKROOT = iphoneos;
				VALIDATE_PRODUCT = YES;
			};
			name = Release;
		};
		791C981F2328D44F00FB09E0 /* Debug */ = {
			isa = XCBuildConfiguration;
			buildSettings = {
				ASSETCATALOG_COMPILER_APPICON_NAME = AppIcon;
				CODE_SIGN_STYLE = Automatic;
				DEVELOPMENT_TEAM = X2EEZH8K4Z;
				INFOPLIST_FILE = test/Info.plist;
				LD_RUNPATH_SEARCH_PATHS = (
					"$(inherited)",
					"@executable_path/Frameworks",
				);
				PRODUCT_BUNDLE_IDENTIFIER = com.not2day.test;
				PRODUCT_NAME = "$(TARGET_NAME)";
				TARGETED_DEVICE_FAMILY = "1,2";
			};
			name = Debug;
		};
		791C98202328D44F00FB09E0 /* Release */ = {
			isa = XCBuildConfiguration;
			buildSettings = {
				ASSETCATALOG_COMPILER_APPICON_NAME = AppIcon;
				CODE_SIGN_STYLE = Automatic;
				DEVELOPMENT_TEAM = X2EEZH8K4Z;
				INFOPLIST_FILE = test/Info.plist;
				LD_RUNPATH_SEARCH_PATHS = (
					"$(inherited)",
					"@executable_path/Frameworks",
				);
				PRODUCT_BUNDLE_IDENTIFIER = com.not2day.test;
				PRODUCT_NAME = "$(TARGET_NAME)";
				TARGETED_DEVICE_FAMILY = "1,2";
			};
			name = Release;
		};
/* End XCBuildConfiguration section */

/* Begin XCConfigurationList section */
		791C98032328D44D00FB09E0 /* Build configuration list for PBXProject "test" */ = {
			isa = XCConfigurationList;
			buildConfigurations = (
				791C981C2328D44F00FB09E0 /* Debug */,
				791C981D2328D44F00FB09E0 /* Release */,
			);
			defaultConfigurationIsVisible = 0;
			defaultConfigurationName = Release;
		};
		791C981E2328D44F00FB09E0 /* Build configuration list for PBXNativeTarget "test" */ = {
			isa = XCConfigurationList;
			buildConfigurations = (
				791C981F2328D44F00FB09E0 /* Debug */,
				791C98202328D44F00FB09E0 /* Release */,
			);
			defaultConfigurationIsVisible = 0;
			defaultConfigurationName = Release;
		};
/* End XCConfigurationList section */
	};
	rootObject = 791C98002328D44D00FB09E0 /* Project object */;
}
